
Microsoft Visual Studio Solution File, Format Version 12.00
# Visual Studio Version 17
VisualStudioVersion = 17.9.34701.34
MinimumVisualStudioVersion = 10.0.40219.1
Project("{FAE04EC0-301F-11D3-BF4B-00C04F79EFBC}") = "AzureAdProtectedAPI", "AzureAdProtectedAPI.csproj", "{4F042F31-F03A-4235-A6F8-78381947BE56}"
EndProject
Project("{2150E333-8FDC-42A3-9474-1A3956D46DE8}") = "Solution Items", "Solution Items", "{ABEAA451-F2A1-4D0B-A98C-22B955FC122E}"
	ProjectSection(SolutionItems) = preProject
		readme.md = readme.md
		TextFile1.txt = TextFile1.txt
		tradeCodeForAccessToken.png = tradeCodeForAccessToken.png
	EndProjectSection
EndProject
Global
	GlobalSection(SolutionConfigurationPlatforms) = preSolution
		Debug|Any CPU = Debug|Any CPU
		Release|Any CPU = Release|Any CPU
	EndGlobalSection
	GlobalSection(ProjectConfigurationPlatforms) = postSolution
		{4F042F31-F03A-4235-A6F8-78381947BE56}.Debug|Any CPU.ActiveCfg = Debug|Any CPU
		{4F042F31-F03A-4235-A6F8-78381947BE56}.Debug|Any CPU.Build.0 = Debug|Any CPU
		{4F042F31-F03A-4235-A6F8-78381947BE56}.Release|Any CPU.ActiveCfg = Release|Any CPU
		{4F042F31-F03A-4235-A6F8-78381947BE56}.Release|Any CPU.Build.0 = Release|Any CPU
	EndGlobalSection
	GlobalSection(SolutionProperties) = preSolution
		HideSolutionNode = FALSE
	EndGlobalSection
	GlobalSection(ExtensibilityGlobals) = postSolution
		SolutionGuid = {12C0C913-F18A-4CEA-A42D-3D5907DBBB73}
	EndGlobalSection
EndGlobal
